
Microsoft Visual Studio Solution File, Format Version 11.00
# Visual Studio 2010
Project("{FAE04EC0-301F-11D3-BF4B-00C04F79EFBC}") = "Assembly-CSharp", "Assembly-CSharp.csproj", "{3EF461CC-B1A0-41C5-9A15-793714C3C9B9}"
EndProject
Project("{FAE04EC0-301F-11D3-BF4B-00C04F79EFBC}") = "Assembly-CSharp-Editor", "Assembly-CSharp-Editor.csproj", "{4A7AABDE-D829-1F72-0D25-6A3D02965657}"
EndProject
Global
	GlobalSection(SolutionConfigurationPlatforms) = preSolution
		Debug|Any CPU = Debug|Any CPU
		Release|Any CPU = Release|Any CPU
	EndGlobalSection
	GlobalSection(ProjectConfigurationPlatforms) = postSolution
		{3EF461CC-B1A0-41C5-9A15-793714C3C9B9}.Debug|Any CPU.ActiveCfg = Debug|Any CPU
		{3EF461CC-B1A0-41C5-9A15-793714C3C9B9}.Debug|Any CPU.Build.0 = Debug|Any CPU
		{3EF461CC-B1A0-41C5-9A15-793714C3C9B9}.Release|Any CPU.ActiveCfg = Release|Any CPU
		{3EF461CC-B1A0-41C5-9A15-793714C3C9B9}.Release|Any CPU.Build.0 = Release|Any CPU
		{4A7AABDE-D829-1F72-0D25-6A3D02965657}.Debug|Any CPU.ActiveCfg = Debug|Any CPU
		{4A7AABDE-D829-1F72-0D25-6A3D02965657}.Debug|Any CPU.Build.0 = Debug|Any CPU
		{4A7AABDE-D829-1F72-0D25-6A3D02965657}.Release|Any CPU.ActiveCfg = Release|Any CPU
		{4A7AABDE-D829-1F72-0D25-6A3D02965657}.Release|Any CPU.Build.0 = Release|Any CPU
	EndGlobalSection
	GlobalSection(SolutionProperties) = preSolution
		HideSolutionNode = FALSE
	EndGlobalSection
	GlobalSection(MonoDevelopProperties) = preSolution
		StartupItem = Assembly-CSharp.csproj
	EndGlobalSection
EndGlobal
